
Microsoft Visual Studio Solution File, Format Version 12.00
# Visual Studio Version 17
VisualStudioVersion = 17.10.35027.167
MinimumVisualStudioVersion = 10.0.40219.1
Project("{FAE04EC0-301F-11D3-BF4B-00C04F79EFBC}") = "ahorasis", "ahorasis.csproj", "{9B6049AD-5BC2-492D-A29E-60F8B897A325}"
EndProject
Global
	GlobalSection(SolutionConfigurationPlatforms) = preSolution
		Debug|Any CPU = Debug|Any CPU
		Release|Any CPU = Release|Any CPU
	EndGlobalSection
	GlobalSection(ProjectConfigurationPlatforms) = postSolution
		{9B6049AD-5BC2-492D-A29E-60F8B897A325}.Debug|Any CPU.ActiveCfg = Debug|Any CPU
		{9B6049AD-5BC2-492D-A29E-60F8B897A325}.Debug|Any CPU.Build.0 = Debug|Any CPU
		{9B6049AD-5BC2-492D-A29E-60F8B897A325}.Release|Any CPU.ActiveCfg = Release|Any CPU
		{9B6049AD-5BC2-492D-A29E-60F8B897A325}.Release|Any CPU.Build.0 = Release|Any CPU
	EndGlobalSection
	GlobalSection(SolutionProperties) = preSolution
		HideSolutionNode = FALSE
	EndGlobalSection
	GlobalSection(ExtensibilityGlobals) = postSolution
		SolutionGuid = {22FD1915-C20A-4148-8A40-6E957F6DEA50}
	EndGlobalSection
EndGlobal
